
Microsoft Visual Studio Solution File, Format Version 12.00
# Visual Studio 15
Project("{FAE04EC0-301F-11D3-BF4B-00C04F79EFBC}") = "Assembly-CSharp", "Assembly-CSharp.csproj", "{140134BC-0772-DA5E-E618-73927CAE5460}"
EndProject
Global
	GlobalSection(SolutionConfigurationPlatforms) = preSolution
		Debug|Any CPU = Debug|Any CPU
		Release|Any CPU = Release|Any CPU
	EndGlobalSection
	GlobalSection(ProjectConfigurationPlatforms) = postSolution
		{140134BC-0772-DA5E-E618-73927CAE5460}.Debug|Any CPU.ActiveCfg = Debug|Any CPU
		{140134BC-0772-DA5E-E618-73927CAE5460}.Debug|Any CPU.Build.0 = Debug|Any CPU
		{140134BC-0772-DA5E-E618-73927CAE5460}.Release|Any CPU.ActiveCfg = Release|Any CPU
		{140134BC-0772-DA5E-E618-73927CAE5460}.Release|Any CPU.Build.0 = Release|Any CPU
	EndGlobalSection
	GlobalSection(SolutionProperties) = preSolution
		HideSolutionNode = FALSE
	EndGlobalSection
EndGlobal
